
Microsoft Visual Studio Solution File, Format Version 12.00
# Visual Studio Version 16
VisualStudioVersion = 16.0.31229.75
MinimumVisualStudioVersion = 10.0.40219.1
Project("{FAE04EC0-301F-11D3-BF4B-00C04F79EFBC}") = "TB.Net.ExoRecapRobot", "TB.Net.ExoRecapRobot\TB.Net.ExoRecapRobot.csproj", "{1813AAA4-A088-461A-95E8-A7D0F519D640}"
EndProject
Project("{FAE04EC0-301F-11D3-BF4B-00C04F79EFBC}") = "TB.Net.ExoRecapRobot.ConsoleApp", "TB.Net.ExoRecapRobot.ConsoleApp\TB.Net.ExoRecapRobot.ConsoleApp.csproj", "{1BE46AE1-44AA-4906-9B63-4B8693FC5FCB}"
EndProject
Global
	GlobalSection(SolutionConfigurationPlatforms) = preSolution
		Debug|Any CPU = Debug|Any CPU
		Release|Any CPU = Release|Any CPU
	EndGlobalSection
	GlobalSection(ProjectConfigurationPlatforms) = postSolution
		{1813AAA4-A088-461A-95E8-A7D0F519D640}.Debug|Any CPU.ActiveCfg = Debug|Any CPU
		{1813AAA4-A088-461A-95E8-A7D0F519D640}.Debug|Any CPU.Build.0 = Debug|Any CPU
		{1813AAA4-A088-461A-95E8-A7D0F519D640}.Release|Any CPU.ActiveCfg = Release|Any CPU
		{1813AAA4-A088-461A-95E8-A7D0F519D640}.Release|Any CPU.Build.0 = Release|Any CPU
		{1BE46AE1-44AA-4906-9B63-4B8693FC5FCB}.Debug|Any CPU.ActiveCfg = Debug|Any CPU
		{1BE46AE1-44AA-4906-9B63-4B8693FC5FCB}.Debug|Any CPU.Build.0 = Debug|Any CPU
		{1BE46AE1-44AA-4906-9B63-4B8693FC5FCB}.Release|Any CPU.ActiveCfg = Release|Any CPU
		{1BE46AE1-44AA-4906-9B63-4B8693FC5FCB}.Release|Any CPU.Build.0 = Release|Any CPU
	EndGlobalSection
	GlobalSection(SolutionProperties) = preSolution
		HideSolutionNode = FALSE
	EndGlobalSection
	GlobalSection(ExtensibilityGlobals) = postSolution
		SolutionGuid = {5F965D1E-D14D-44D1-BAE3-EF9E0D05A92B}
	EndGlobalSection
EndGlobal
